
Microsoft Visual Studio Solution File, Format Version 12.00
# Visual Studio Version 16
VisualStudioVersion = 16.0.31911.196
MinimumVisualStudioVersion = 10.0.40219.1
Project("{FAE04EC0-301F-11D3-BF4B-00C04F79EFBC}") = "WindowsFormsApp1", "WindowsFormsApp1\WindowsFormsApp1.csproj", "{D9ACFE8B-0D8D-4611-BD13-4582ED1AD1CF}"
EndProject
Global
	GlobalSection(SolutionConfigurationPlatforms) = preSolution
		Debug|Any CPU = Debug|Any CPU
		Release|Any CPU = Release|Any CPU
	EndGlobalSection
	GlobalSection(ProjectConfigurationPlatforms) = postSolution
		{D9ACFE8B-0D8D-4611-BD13-4582ED1AD1CF}.Debug|Any CPU.ActiveCfg = Debug|Any CPU
		{D9ACFE8B-0D8D-4611-BD13-4582ED1AD1CF}.Debug|Any CPU.Build.0 = Debug|Any CPU
		{D9ACFE8B-0D8D-4611-BD13-4582ED1AD1CF}.Release|Any CPU.ActiveCfg = Release|Any CPU
		{D9ACFE8B-0D8D-4611-BD13-4582ED1AD1CF}.Release|Any CPU.Build.0 = Release|Any CPU
	EndGlobalSection
	GlobalSection(SolutionProperties) = preSolution
		HideSolutionNode = FALSE
	EndGlobalSection
	GlobalSection(ExtensibilityGlobals) = postSolution
		SolutionGuid = {7B27CEEE-5929-4E38-B13A-8718E8F17C8C}
	EndGlobalSection
EndGlobal
